
Microsoft Visual Studio Solution File, Format Version 12.00
# Visual Studio Version 16
VisualStudioVersion = 16.0.30011.22
MinimumVisualStudioVersion = 10.0.40219.1
Project("{FAE04EC0-301F-11D3-BF4B-00C04F79EFBC}") = "MethodTracer", "MethodTracer\MethodTracer.csproj", "{BD2E6251-1974-4437-82D5-0D55A8A950CF}"
EndProject
Global
	GlobalSection(SolutionConfigurationPlatforms) = preSolution
		Debug|Any CPU = Debug|Any CPU
		Release|Any CPU = Release|Any CPU
	EndGlobalSection
	GlobalSection(ProjectConfigurationPlatforms) = postSolution
		{BD2E6251-1974-4437-82D5-0D55A8A950CF}.Debug|Any CPU.ActiveCfg = Debug|Any CPU
		{BD2E6251-1974-4437-82D5-0D55A8A950CF}.Debug|Any CPU.Build.0 = Debug|Any CPU
		{BD2E6251-1974-4437-82D5-0D55A8A950CF}.Release|Any CPU.ActiveCfg = Release|Any CPU
		{BD2E6251-1974-4437-82D5-0D55A8A950CF}.Release|Any CPU.Build.0 = Release|Any CPU
	EndGlobalSection
	GlobalSection(SolutionProperties) = preSolution
		HideSolutionNode = FALSE
	EndGlobalSection
	GlobalSection(ExtensibilityGlobals) = postSolution
		SolutionGuid = {63D1AA4E-8DF3-4E42-9E5E-206CA776059E}
	EndGlobalSection
EndGlobal
